
Microsoft Visual Studio Solution File, Format Version 12.00
# Visual Studio 2015
Project("{FAE04EC0-301F-11D3-BF4B-00C04F79EFBC}") = "Resonance.Plugins", "Resonance.Plugins.csproj", "{B9C11916-C0AF-EC0F-1744-EDD0CDB8CB44}"
EndProject
Project("{FAE04EC0-301F-11D3-BF4B-00C04F79EFBC}") = "Resonance", "Resonance.csproj", "{E86A177E-F7F4-213C-B6A9-CE40A6895E7D}"
EndProject
Project("{FAE04EC0-301F-11D3-BF4B-00C04F79EFBC}") = "Resonance.Editor.Plugins", "Resonance.Editor.Plugins.csproj", "{A054A6F9-91B5-4A3B-9230-A5C76FF73227}"
EndProject
Project("{FAE04EC0-301F-11D3-BF4B-00C04F79EFBC}") = "Resonance.Editor", "Resonance.Editor.csproj", "{A03FEBBC-9057-FD1E-C544-65C87F91CBC4}"
EndProject
Global
	GlobalSection(SolutionConfigurationPlatforms) = preSolution
		Debug|Any CPU = Debug|Any CPU
		Release|Any CPU = Release|Any CPU
	EndGlobalSection
	GlobalSection(ProjectConfigurationPlatforms) = postSolution
		{B9C11916-C0AF-EC0F-1744-EDD0CDB8CB44}.Debug|Any CPU.ActiveCfg = Debug|Any CPU
		{B9C11916-C0AF-EC0F-1744-EDD0CDB8CB44}.Debug|Any CPU.Build.0 = Debug|Any CPU
		{B9C11916-C0AF-EC0F-1744-EDD0CDB8CB44}.Release|Any CPU.ActiveCfg = Release|Any CPU
		{B9C11916-C0AF-EC0F-1744-EDD0CDB8CB44}.Release|Any CPU.Build.0 = Release|Any CPU
		{E86A177E-F7F4-213C-B6A9-CE40A6895E7D}.Debug|Any CPU.ActiveCfg = Debug|Any CPU
		{E86A177E-F7F4-213C-B6A9-CE40A6895E7D}.Debug|Any CPU.Build.0 = Debug|Any CPU
		{E86A177E-F7F4-213C-B6A9-CE40A6895E7D}.Release|Any CPU.ActiveCfg = Release|Any CPU
		{E86A177E-F7F4-213C-B6A9-CE40A6895E7D}.Release|Any CPU.Build.0 = Release|Any CPU
		{A054A6F9-91B5-4A3B-9230-A5C76FF73227}.Debug|Any CPU.ActiveCfg = Debug|Any CPU
		{A054A6F9-91B5-4A3B-9230-A5C76FF73227}.Debug|Any CPU.Build.0 = Debug|Any CPU
		{A054A6F9-91B5-4A3B-9230-A5C76FF73227}.Release|Any CPU.ActiveCfg = Release|Any CPU
		{A054A6F9-91B5-4A3B-9230-A5C76FF73227}.Release|Any CPU.Build.0 = Release|Any CPU
		{A03FEBBC-9057-FD1E-C544-65C87F91CBC4}.Debug|Any CPU.ActiveCfg = Debug|Any CPU
		{A03FEBBC-9057-FD1E-C544-65C87F91CBC4}.Debug|Any CPU.Build.0 = Debug|Any CPU
		{A03FEBBC-9057-FD1E-C544-65C87F91CBC4}.Release|Any CPU.ActiveCfg = Release|Any CPU
		{A03FEBBC-9057-FD1E-C544-65C87F91CBC4}.Release|Any CPU.Build.0 = Release|Any CPU
	EndGlobalSection
	GlobalSection(SolutionProperties) = preSolution
		HideSolutionNode = FALSE
	EndGlobalSection
EndGlobal
